
Microsoft Visual Studio Solution File, Format Version 12.00
# Visual Studio Version 17
VisualStudioVersion = 17.14.36221.1 d17.14
MinimumVisualStudioVersion = 10.0.40219.1
Project("{FAE04EC0-301F-11D3-BF4B-00C04F79EFBC}") = "Agremate", "Agremate\Agremate.csproj", "{1FF9AB7B-BCF8-4F35-A483-82D8DC72275F}"
EndProject
Global
	GlobalSection(SolutionConfigurationPlatforms) = preSolution
		Debug|Any CPU = Debug|Any CPU
		Release|Any CPU = Release|Any CPU
	EndGlobalSection
	GlobalSection(ProjectConfigurationPlatforms) = postSolution
		{1FF9AB7B-BCF8-4F35-A483-82D8DC72275F}.Debug|Any CPU.ActiveCfg = Debug|Any CPU
		{1FF9AB7B-BCF8-4F35-A483-82D8DC72275F}.Debug|Any CPU.Build.0 = Debug|Any CPU
		{1FF9AB7B-BCF8-4F35-A483-82D8DC72275F}.Release|Any CPU.ActiveCfg = Release|Any CPU
		{1FF9AB7B-BCF8-4F35-A483-82D8DC72275F}.Release|Any CPU.Build.0 = Release|Any CPU
	EndGlobalSection
	GlobalSection(SolutionProperties) = preSolution
		HideSolutionNode = FALSE
	EndGlobalSection
	GlobalSection(ExtensibilityGlobals) = postSolution
		SolutionGuid = {56E348C4-9AB4-49EE-96E2-6D2F4A4E5AC7}
	EndGlobalSection
EndGlobal
